// !$*UTF8*$!
{
	archiveVersion = 1;
	classes = {
	};
	objectVersion = 50;
	objects = {

/* Begin PBXBuildFile section */
		EDC1453C20E9D3E5001212D1 /* AppDelegate.swift in Sources */ = {isa = PBXBuildFile; fileRef = EDC1453B20E9D3E5001212D1 /* AppDelegate.swift */; };
		EDC1453E20E9D3E5001212D1 /* ViewController.swift in Sources */ = {isa = PBXBuildFile; fileRef = EDC1453D20E9D3E5001212D1 /* ViewController.swift */; };
		EDC1454120E9D3E6001212D1 /* Main.storyboard in Resources */ = {isa = PBXBuildFile; fileRef = EDC1453F20E9D3E6001212D1 /* Main.storyboard */; };
		EDC1454320E9D3E7001212D1 /* Assets.xcassets in Resources */ = {isa = PBXBuildFile; fileRef = EDC1454220E9D3E7001212D1 /* Assets.xcassets */; };
		EDC1454620E9D3E7001212D1 /* LaunchScreen.storyboard in Resources */ = {isa = PBXBuildFile; fileRef = EDC1454420E9D3E7001212D1 /* LaunchScreen.storyboard */; };
		EDC1454E20E9D40D001212D1 /* GenericTableViewController.swift in Sources */ = {isa = PBXBuildFile; fileRef = EDC1454D20E9D40D001212D1 /* GenericTableViewController.swift */; };
		EDC1455120E9D955001212D1 /* CustomCell.swift in Sources */ = {isa = PBXBuildFile; fileRef = EDC1455020E9D955001212D1 /* CustomCell.swift */; };
		EDC1455320E9D967001212D1 /* Person.swift in Sources */ = {isa = PBXBuildFile; fileRef = EDC1455220E9D967001212D1 /* Person.swift */; };
/* End PBXBuildFile section */

/* Begin PBXFileReference section */
		EDC1453820E9D3E5001212D1 /* GenericTableViewSample.app */ = {isa = PBXFileReference; explicitFileType = wrapper.application; includeInIndex = 0; path = GenericTableViewSample.app; sourceTree = BUILT_PRODUCTS_DIR; };
		EDC1453B20E9D3E5001212D1 /* AppDelegate.swift */ = {isa = PBXFileReference; lastKnownFileType = sourcecode.swift; path = AppDelegate.swift; sourceTree = "<group>"; };
		EDC1453D20E9D3E5001212D1 /* ViewController.swift */ = {isa = PBXFileReference; lastKnownFileType = sourcecode.swift; path = ViewController.swift; sourceTree = "<group>"; };
		EDC1454020E9D3E6001212D1 /* Base */ = {isa = PBXFileReference; lastKnownFileType = file.storyboard; name = Base; path = Base.lproj/Main.storyboard; sourceTree = "<group>"; };
		EDC1454220E9D3E7001212D1 /* Assets.xcassets */ = {isa = PBXFileReference; lastKnownFileType = folder.assetcatalog; path = Assets.xcassets; sourceTree = "<group>"; };
		EDC1454520E9D3E7001212D1 /* Base */ = {isa = PBXFileReference; lastKnownFileType = file.storyboard; name = Base; path = Base.lproj/LaunchScreen.storyboard; sourceTree = "<group>"; };
		EDC1454720E9D3E7001212D1 /* Info.plist */ = {isa = PBXFileReference; lastKnownFileType = text.plist.xml; path = Info.plist; sourceTree = "<group>"; };
		EDC1454D20E9D40D001212D1 /* GenericTableViewController.swift */ = {isa = PBXFileReference; lastKnownFileType = sourcecode.swift; path = GenericTableViewController.swift; sourceTree = "<group>"; };
		EDC1455020E9D955001212D1 /* CustomCell.swift */ = {isa = PBXFileReference; lastKnownFileType = sourcecode.swift; path = CustomCell.swift; sourceTree = "<group>"; };
		EDC1455220E9D967001212D1 /* Person.swift */ = {isa = PBXFileReference; lastKnownFileType = sourcecode.swift; path = Person.swift; sourceTree = "<group>"; };
/* End PBXFileReference section */

/* Begin PBXFrameworksBuildPhase section */
		EDC1453520E9D3E5001212D1 /* Frameworks */ = {
			isa = PBXFrameworksBuildPhase;
			buildActionMask = 2147483647;
			files = (
			);
			runOnlyForDeploymentPostprocessing = 0;
		};
/* End PBXFrameworksBuildPhase section */

/* Begin PBXGroup section */
		EDC1452F20E9D3E5001212D1 = {
			isa = PBXGroup;
			children = (
				EDC1453A20E9D3E5001212D1 /* GenericTableViewSample */,
				EDC1453920E9D3E5001212D1 /* Products */,
			);
			sourceTree = "<group>";
		};
		EDC1453920E9D3E5001212D1 /* Products */ = {
			isa = PBXGroup;
			children = (
				EDC1453820E9D3E5001212D1 /* GenericTableViewSample.app */,
			);
			name = Products;
			sourceTree = "<group>";
		};
		EDC1453A20E9D3E5001212D1 /* GenericTableViewSample */ = {
			isa = PBXGroup;
			children = (
				EDC1454F20E9D486001212D1 /* Generics */,
				EDC1453B20E9D3E5001212D1 /* AppDelegate.swift */,
				EDC1453D20E9D3E5001212D1 /* ViewController.swift */,
				EDC1453F20E9D3E6001212D1 /* Main.storyboard */,
				EDC1454220E9D3E7001212D1 /* Assets.xcassets */,
				EDC1454420E9D3E7001212D1 /* LaunchScreen.storyboard */,
				EDC1454720E9D3E7001212D1 /* Info.plist */,
			);
			path = GenericTableViewSample;
			sourceTree = "<group>";
		};
		EDC1454F20E9D486001212D1 /* Generics */ = {
			isa = PBXGroup;
			children = (
				EDC1454D20E9D40D001212D1 /* GenericTableViewController.swift */,
				EDC1455020E9D955001212D1 /* CustomCell.swift */,
				EDC1455220E9D967001212D1 /* Person.swift */,
			);
			path = Generics;
			sourceTree = "<group>";
		};
/* End PBXGroup section */

/* Begin PBXNativeTarget section */
		EDC1453720E9D3E5001212D1 /* GenericTableViewSample */ = {
			isa = PBXNativeTarget;
			buildConfigurationList = EDC1454A20E9D3E7001212D1 /* Build configuration list for PBXNativeTarget "GenericTableViewSample" */;
			buildPhases = (
				EDC1453420E9D3E5001212D1 /* Sources */,
				EDC1453520E9D3E5001212D1 /* Frameworks */,
				EDC1453620E9D3E5001212D1 /* Resources */,
			);
			buildRules = (
			);
			dependencies = (
			);
			name = GenericTableViewSample;
			productName = GenericTableViewSample;
			productReference = EDC1453820E9D3E5001212D1 /* GenericTableViewSample.app */;
			productType = "com.apple.product-type.application";
		};
/* End PBXNativeTarget section */

/* Begin PBXProject section */
		EDC1453020E9D3E5001212D1 /* Project object */ = {
			isa = PBXProject;
			attributes = {
				LastSwiftUpdateCheck = 0940;
				LastUpgradeCheck = 0940;
				ORGANIZATIONNAME = "Dinh Vu Nam";
				TargetAttributes = {
					EDC1453720E9D3E5001212D1 = {
						CreatedOnToolsVersion = 9.4;
					};
				};
			};
			buildConfigurationList = EDC1453320E9D3E5001212D1 /* Build configuration list for PBXProject "GenericTableViewSample" */;
			compatibilityVersion = "Xcode 9.3";
			developmentRegion = en;
			hasScannedForEncodings = 0;
			knownRegions = (
				en,
				Base,
			);
			mainGroup = EDC1452F20E9D3E5001212D1;
			productRefGroup = EDC1453920E9D3E5001212D1 /* Products */;
			projectDirPath = "";
			projectRoot = "";
			targets = (
				EDC1453720E9D3E5001212D1 /* GenericTableViewSample */,
			);
		};
/* End PBXProject section */

/* Begin PBXResourcesBuildPhase section */
		EDC1453620E9D3E5001212D1 /* Resources */ = {
			isa = PBXResourcesBuildPhase;
			buildActionMask = 2147483647;
			files = (
				EDC1454620E9D3E7001212D1 /* LaunchScreen.storyboard in Resources */,
				EDC1454320E9D3E7001212D1 /* Assets.xcassets in Resources */,
				EDC1454120E9D3E6001212D1 /* Main.storyboard in Resources */,
			);
			runOnlyForDeploymentPostprocessing = 0;
		};
/* End PBXResourcesBuildPhase section */

/* Begin PBXSourcesBuildPhase section */
		EDC1453420E9D3E5001212D1 /* Sources */ = {
			isa = PBXSourcesBuildPhase;
			buildActionMask = 2147483647;
			files = (
				EDC1455320E9D967001212D1 /* Person.swift in Sources */,
				EDC1453E20E9D3E5001212D1 /* ViewController.swift in Sources */,
				EDC1454E20E9D40D001212D1 /* GenericTableViewController.swift in Sources */,
				EDC1455120E9D955001212D1 /* CustomCell.swift in Sources */,
				EDC1453C20E9D3E5001212D1 /* AppDelegate.swift in Sources */,
			);
			runOnlyForDeploymentPostprocessing = 0;
		};
/* End PBXSourcesBuildPhase section */

/* Begin PBXVariantGroup section */
		EDC1453F20E9D3E6001212D1 /* Main.storyboard */ = {
			isa = PBXVariantGroup;
			children = (
				EDC1454020E9D3E6001212D1 /* Base */,
			);
			name = Main.storyboard;
			sourceTree = "<group>";
		};
		EDC1454420E9D3E7001212D1 /* LaunchScreen.storyboard */ = {
			isa = PBXVariantGroup;
			children = (
				EDC1454520E9D3E7001212D1 /* Base */,
			);
			name = LaunchScreen.storyboard;
			sourceTree = "<group>";
		};
/* End PBXVariantGroup section */

/* Begin XCBuildConfiguration section */
		EDC1454820E9D3E7001212D1 /* Debug */ = {
			isa = XCBuildConfiguration;
			buildSettings = {
				ALWAYS_SEARCH_USER_PATHS = NO;
				CLANG_ANALYZER_NONNULL = YES;
				CLANG_ANALYZER_NUMBER_OBJECT_CONVERSION = YES_AGGRESSIVE;
				CLANG_CXX_LANGUAGE_STANDARD = "gnu++14";
				CLANG_CXX_LIBRARY = "libc++";
				CLANG_ENABLE_MODULES = YES;
				CLANG_ENABLE_OBJC_ARC = YES;
				CLANG_ENABLE_OBJC_WEAK = YES;
				CLANG_WARN_BLOCK_CAPTURE_AUTORELEASING = YES;
				CLANG_WARN_BOOL_CONVERSION = YES;
				CLANG_WARN_COMMA = YES;
				CLANG_WARN_CONSTANT_CONVERSION = YES;
				CLANG_WARN_DEPRECATED_OBJC_IMPLEMENTATIONS = YES;
				CLANG_WARN_DIRECT_OBJC_ISA_USAGE = YES_ERROR;
				CLANG_WARN_DOCUMENTATION_COMMENTS = YES;
				CLANG_WARN_EMPTY_BODY = YES;
				CLANG_WARN_ENUM_CONVERSION = YES;
				CLANG_WARN_INFINITE_RECURSION = YES;
				CLANG_WARN_INT_CONVERSION = YES;
				CLANG_WARN_NON_LITERAL_NULL_CONVERSION = YES;
				CLANG_WARN_OBJC_IMPLICIT_RETAIN_SELF = YES;
				CLANG_WARN_OBJC_LITERAL_CONVERSION = YES;
				CLANG_WARN_OBJC_ROOT_CLASS = YES_ERROR;
				CLANG_WARN_RANGE_LOOP_ANALYSIS = YES;
				CLANG_WARN_STRICT_PROTOTYPES = YES;
				CLANG_WARN_SUSPICIOUS_MOVE = YES;
				CLANG_WARN_UNGUARDED_AVAILABILITY = YES_AGGRESSIVE;
				CLANG_WARN_UNREACHABLE_CODE = YES;
				CLANG_WARN__DUPLICATE_METHOD_MATCH = YES;
				CODE_SIGN_IDENTITY = "iPhone Developer";
				COPY_PHASE_STRIP = NO;
				DEBUG_INFORMATION_FORMAT = dwarf;
				ENABLE_STRICT_OBJC_MSGSEND = YES;
				ENABLE_TESTABILITY = YES;
				GCC_C_LANGUAGE_STANDARD = gnu11;
				GCC_DYNAMIC_NO_PIC = NO;
				GCC_NO_COMMON_BLOCKS = YES;
				GCC_OPTIMIZATION_LEVEL = 0;
				GCC_PREPROCESSOR_DEFINITIONS = (
					"DEBUG=1",
					"$(inherited)",
				);
				GCC_WARN_64_TO_32_BIT_CONVERSION = YES;
				GCC_WARN_ABOUT_RETURN_TYPE = YES_ERROR;
				GCC_WARN_UNDECLARED_SELECTOR = YES;
				GCC_WARN_UNINITIALIZED_AUTOS = YES_AGGRESSIVE;
				GCC_WARN_UNUSED_FUNCTION = YES;
				GCC_WARN_UNUSED_VARIABLE = YES;
				IPHONEOS_DEPLOYMENT_TARGET = 11.4;
				MTL_ENABLE_DEBUG_INFO = YES;
				ONLY_ACTIVE_ARCH = YES;
				SDKROOT = iphoneos;
				SWIFT_ACTIVE_COMPILATION_CONDITIONS = DEBUG;
				SWIFT_OPTIMIZATION_LEVEL = "-Onone";
			};
			name = Debug;
		};
		EDC1454920E9D3E7001212D1 /* Release */ = {
			isa = XCBuildConfiguration;
			buildSettings = {
				ALWAYS_SEARCH_USER_PATHS = NO;
				CLANG_ANALYZER_NONNULL = YES;
				CLANG_ANALYZER_NUMBER_OBJECT_CONVERSION = YES_AGGRESSIVE;
				CLANG_CXX_LANGUAGE_STANDARD = "gnu++14";
				CLANG_CXX_LIBRARY = "libc++";
				CLANG_ENABLE_MODULES = YES;
				CLANG_ENABLE_OBJC_ARC = YES;
				CLANG_ENABLE_OBJC_WEAK = YES;
				CLANG_WARN_BLOCK_CAPTURE_AUTORELEASING = YES;
				CLANG_WARN_BOOL_CONVERSION = YES;
				CLANG_WARN_COMMA = YES;
				CLANG_WARN_CONSTANT_CONVERSION = YES;
				CLANG_WARN_DEPRECATED_OBJC_IMPLEMENTATIONS = YES;
				CLANG_WARN_DIRECT_OBJC_ISA_USAGE = YES_ERROR;
				CLANG_WARN_DOCUMENTATION_COMMENTS = YES;
				CLANG_WARN_EMPTY_BODY = YES;
				CLANG_WARN_ENUM_CONVERSION = YES;
				CLANG_WARN_INFINITE_RECURSION = YES;
				CLANG_WARN_INT_CONVERSION = YES;
				CLANG_WARN_NON_LITERAL_NULL_CONVERSION = YES;
				CLANG_WARN_OBJC_IMPLICIT_RETAIN_SELF = YES;
				CLANG_WARN_OBJC_LITERAL_CONVERSION = YES;
				CLANG_WARN_OBJC_ROOT_CLASS = YES_ERROR;
				CLANG_WARN_RANGE_LOOP_ANALYSIS = YES;
				CLANG_WARN_STRICT_PROTOTYPES = YES;
				CLANG_WARN_SUSPICIOUS_MOVE = YES;
				CLANG_WARN_UNGUARDED_AVAILABILITY = YES_AGGRESSIVE;
				CLANG_WARN_UNREACHABLE_CODE = YES;
				CLANG_WARN__DUPLICATE_METHOD_MATCH = YES;
				CODE_SIGN_IDENTITY = "iPhone Developer";
				COPY_PHASE_STRIP = NO;
				DEBUG_INFORMATION_FORMAT = "dwarf-with-dsym";
				ENABLE_NS_ASSERTIONS = NO;
				ENABLE_STRICT_OBJC_MSGSEND = YES;
				GCC_C_LANGUAGE_STANDARD = gnu11;
				GCC_NO_COMMON_BLOCKS = YES;
				GCC_WARN_64_TO_32_BIT_CONVERSION = YES;
				GCC_WARN_ABOUT_RETURN_TYPE = YES_ERROR;
				GCC_WARN_UNDECLARED_SELECTOR = YES;
				GCC_WARN_UNINITIALIZED_AUTOS = YES_AGGRESSIVE;
				GCC_WARN_UNUSED_FUNCTION = YES;
				GCC_WARN_UNUSED_VARIABLE = YES;
				IPHONEOS_DEPLOYMENT_TARGET = 11.4;
				MTL_ENABLE_DEBUG_INFO = NO;
				SDKROOT = iphoneos;
				SWIFT_COMPILATION_MODE = wholemodule;
				SWIFT_OPTIMIZATION_LEVEL = "-O";
				VALIDATE_PRODUCT = YES;
			};
			name = Release;
		};
		EDC1454B20E9D3E7001212D1 /* Debug */ = {
			isa = XCBuildConfiguration;
			buildSettings = {
				ASSETCATALOG_COMPILER_APPICON_NAME = AppIcon;
				CODE_SIGN_STYLE = Automatic;
				DEVELOPMENT_TEAM = UD98N48YL7;
				INFOPLIST_FILE = GenericTableViewSample/Info.plist;
				LD_RUNPATH_SEARCH_PATHS = (
					"$(inherited)",
					"@executable_path/Frameworks",
				);
				PRODUCT_BUNDLE_IDENTIFIER = com.qsoft.GenericTableViewSample;
				PRODUCT_NAME = "$(TARGET_NAME)";
				SWIFT_VERSION = 4.0;
				TARGETED_DEVICE_FAMILY = "1,2";
			};
			name = Debug;
		};
		EDC1454C20E9D3E7001212D1 /* Release */ = {
			isa = XCBuildConfiguration;
			buildSettings = {
				ASSETCATALOG_COMPILER_APPICON_NAME = AppIcon;
				CODE_SIGN_STYLE = Automatic;
				DEVELOPMENT_TEAM = UD98N48YL7;
				INFOPLIST_FILE = GenericTableViewSample/Info.plist;
				LD_RUNPATH_SEARCH_PATHS = (
					"$(inherited)",
					"@executable_path/Frameworks",
				);
				PRODUCT_BUNDLE_IDENTIFIER = com.qsoft.GenericTableViewSample;
				PRODUCT_NAME = "$(TARGET_NAME)";
				SWIFT_VERSION = 4.0;
				TARGETED_DEVICE_FAMILY = "1,2";
			};
			name = Release;
		};
/* End XCBuildConfiguration section */

/* Begin XCConfigurationList section */
		EDC1453320E9D3E5001212D1 /* Build configuration list for PBXProject "GenericTableViewSample" */ = {
			isa = XCConfigurationList;
			buildConfigurations = (
				EDC1454820E9D3E7001212D1 /* Debug */,
				EDC1454920E9D3E7001212D1 /* Release */,
			);
			defaultConfigurationIsVisible = 0;
			defaultConfigurationName = Release;
		};
		EDC1454A20E9D3E7001212D1 /* Build configuration list for PBXNativeTarget "GenericTableViewSample" */ = {
			isa = XCConfigurationList;
			buildConfigurations = (
				EDC1454B20E9D3E7001212D1 /* Debug */,
				EDC1454C20E9D3E7001212D1 /* Release */,
			);
			defaultConfigurationIsVisible = 0;
			defaultConfigurationName = Release;
		};
/* End XCConfigurationList section */
	};
	rootObject = EDC1453020E9D3E5001212D1 /* Project object */;
}
